
Microsoft Visual Studio Solution File, Format Version 12.00
# Visual Studio Version 17
VisualStudioVersion = 17.11.35208.52
MinimumVisualStudioVersion = 10.0.40219.1
Project("{9A19103F-16F7-4668-BE54-9A1E7A4F7556}") = "Kai.Client.CallCenter", "Kai.Client.CallCenter\Kai.Client.CallCenter.csproj", "{6BFF82D7-5A6D-46CA-B7B9-A8CA0CDD3411}"
EndProject
Project("{9A19103F-16F7-4668-BE54-9A1E7A4F7556}") = "Kai.Common.StdDll_Common", "..\..\Kai.Common\Kai.Common.StdDll_Common\Kai.Common.StdDll_Common\Kai.Common.StdDll_Common.csproj", "{8C31FE0D-7D0C-41F0-9BA8-337D711DE9AC}"
EndProject
Project("{9A19103F-16F7-4668-BE54-9A1E7A4F7556}") = "Kai.Common.NetDll_WpfCtrl", "..\..\Kai.Common\Kai.Common.NetDll_WpfCtrl\Kai.Common.NetDll_WpfCtrl\Kai.Common.NetDll_WpfCtrl.csproj", "{3462DC2B-09D9-471A-8B15-A3FC92F6F3F7}"
EndProject
Project("{9A19103F-16F7-4668-BE54-9A1E7A4F7556}") = "Kai.Server.Main", "..\..\Kai.Server\Kai.Server.Main\Kai.Server.Main\Kai.Server.Main.csproj", "{1A56146B-6644-4ED0-B951-D76604A8732A}"
EndProject
Project("{FAE04EC0-301F-11D3-BF4B-00C04F79EFBC}") = "Kai.Common.FrmDll_WpfCtrl", "..\..\Kai.Common\Kai.Common.FrmDll_WpfCtrl\Kai.Common.FrmDll_WpfCtrl\Kai.Common.FrmDll_WpfCtrl.csproj", "{0CC2FAA8-73F4-4275-825D-2955965D37B2}"
EndProject
Project("{2150E333-8FDC-42A3-9474-1A3956D46DE8}") = "솔루션 항목", "솔루션 항목", "{57A80752-2A57-48B5-A51C-6185227C3E0A}"
	ProjectSection(SolutionItems) = preProject
		Kai.Client.CallCenter\appsettings.json = Kai.Client.CallCenter\appsettings.json
		..\..\..\Save\KaiWork_Backup002\Kai.Client\Kai.Client.CallCenter\Kai.Client.CallCenter\Networks\NwCargo24s\Cargo24Act_ReceiptRegPage.cs = ..\..\..\Save\KaiWork_Backup002\Kai.Client\Kai.Client.CallCenter\Kai.Client.CallCenter\Networks\NwCargo24s\Cargo24Act_ReceiptRegPage.cs
		..\..\..\..\Common\Text\C#Tip\Coding-Tip.txt = ..\..\..\..\Common\Text\C#Tip\Coding-Tip.txt
		Kai.Client.CallCenter\bin\Debug\net8.0-windows\Log\Log_20250518.txt = Kai.Client.CallCenter\bin\Debug\net8.0-windows\Log\Log_20250518.txt
		..\..\..\Save\KaiWork_Backup002\Kai.Client\Kai.Client.CallCenter\Kai.Client.CallCenter\Networks\NwOnecalls\OnecallAct_ReceiptRegPage.cs = ..\..\..\Save\KaiWork_Backup002\Kai.Client\Kai.Client.CallCenter\Kai.Client.CallCenter\Networks\NwOnecalls\OnecallAct_ReceiptRegPage.cs
		..\..\..\Save\KaiWork_Backup002\Kai.Client\Kai.Client.CallCenter\Kai.Client.CallCenter\Networks\NwOnecalls\Onecall_ReceiptRegPage(Tmp).cs = ..\..\..\Save\KaiWork_Backup002\Kai.Client\Kai.Client.CallCenter\Kai.Client.CallCenter\Networks\NwOnecalls\Onecall_ReceiptRegPage(Tmp).cs
		..\..\..\..\Common\Text\C#Tip\ReadMe-Kai.Common.DbFirst02.txt = ..\..\..\..\Common\Text\C#Tip\ReadMe-Kai.Common.DbFirst02.txt
		보관.cs = 보관.cs
		임시.cs = 임시.cs
	EndProjectSection
EndProject
Project("{FAE04EC0-301F-11D3-BF4B-00C04F79EFBC}") = "Kai.Common.FrmDll_FormCtrl", "..\..\Kai.Common\Kai.Common.FrmDll_FormCtrl\Kai.Common.FrmDll_FormCtrl\Kai.Common.FrmDll_FormCtrl.csproj", "{EE2FC8AB-3639-4181-A164-0352D30EE9DB}"
EndProject
Global
	GlobalSection(SolutionConfigurationPlatforms) = preSolution
		Debug|Any CPU = Debug|Any CPU
		Debug|x64 = Debug|x64
		Debug|x86 = Debug|x86
		Release|Any CPU = Release|Any CPU
		Release|x64 = Release|x64
		Release|x86 = Release|x86
	EndGlobalSection
	GlobalSection(ProjectConfigurationPlatforms) = postSolution
		{6BFF82D7-5A6D-46CA-B7B9-A8CA0CDD3411}.Debug|Any CPU.ActiveCfg = Debug|Any CPU
		{6BFF82D7-5A6D-46CA-B7B9-A8CA0CDD3411}.Debug|Any CPU.Build.0 = Debug|Any CPU
		{6BFF82D7-5A6D-46CA-B7B9-A8CA0CDD3411}.Debug|x64.ActiveCfg = Debug|Any CPU
		{6BFF82D7-5A6D-46CA-B7B9-A8CA0CDD3411}.Debug|x64.Build.0 = Debug|Any CPU
		{6BFF82D7-5A6D-46CA-B7B9-A8CA0CDD3411}.Debug|x86.ActiveCfg = Debug|Any CPU
		{6BFF82D7-5A6D-46CA-B7B9-A8CA0CDD3411}.Debug|x86.Build.0 = Debug|Any CPU
		{6BFF82D7-5A6D-46CA-B7B9-A8CA0CDD3411}.Release|Any CPU.ActiveCfg = Release|Any CPU
		{6BFF82D7-5A6D-46CA-B7B9-A8CA0CDD3411}.Release|Any CPU.Build.0 = Release|Any CPU
		{6BFF82D7-5A6D-46CA-B7B9-A8CA0CDD3411}.Release|x64.ActiveCfg = Release|Any CPU
		{6BFF82D7-5A6D-46CA-B7B9-A8CA0CDD3411}.Release|x64.Build.0 = Release|Any CPU
		{6BFF82D7-5A6D-46CA-B7B9-A8CA0CDD3411}.Release|x86.ActiveCfg = Release|Any CPU
		{6BFF82D7-5A6D-46CA-B7B9-A8CA0CDD3411}.Release|x86.Build.0 = Release|Any CPU
		{8C31FE0D-7D0C-41F0-9BA8-337D711DE9AC}.Debug|Any CPU.ActiveCfg = Debug|Any CPU
		{8C31FE0D-7D0C-41F0-9BA8-337D711DE9AC}.Debug|Any CPU.Build.0 = Debug|Any CPU
		{8C31FE0D-7D0C-41F0-9BA8-337D711DE9AC}.Debug|x64.ActiveCfg = Debug|x64
		{8C31FE0D-7D0C-41F0-9BA8-337D711DE9AC}.Debug|x64.Build.0 = Debug|x64
		{8C31FE0D-7D0C-41F0-9BA8-337D711DE9AC}.Debug|x86.ActiveCfg = Debug|x86
		{8C31FE0D-7D0C-41F0-9BA8-337D711DE9AC}.Debug|x86.Build.0 = Debug|x86
		{8C31FE0D-7D0C-41F0-9BA8-337D711DE9AC}.Release|Any CPU.ActiveCfg = Release|Any CPU
		{8C31FE0D-7D0C-41F0-9BA8-337D711DE9AC}.Release|Any CPU.Build.0 = Release|Any CPU
		{8C31FE0D-7D0C-41F0-9BA8-337D711DE9AC}.Release|x64.ActiveCfg = Release|x64
		{8C31FE0D-7D0C-41F0-9BA8-337D711DE9AC}.Release|x64.Build.0 = Release|x64
		{8C31FE0D-7D0C-41F0-9BA8-337D711DE9AC}.Release|x86.ActiveCfg = Release|x86
		{8C31FE0D-7D0C-41F0-9BA8-337D711DE9AC}.Release|x86.Build.0 = Release|x86
		{3462DC2B-09D9-471A-8B15-A3FC92F6F3F7}.Debug|Any CPU.ActiveCfg = Debug|Any CPU
		{3462DC2B-09D9-471A-8B15-A3FC92F6F3F7}.Debug|Any CPU.Build.0 = Debug|Any CPU
		{3462DC2B-09D9-471A-8B15-A3FC92F6F3F7}.Debug|x64.ActiveCfg = Debug|Any CPU
		{3462DC2B-09D9-471A-8B15-A3FC92F6F3F7}.Debug|x64.Build.0 = Debug|Any CPU
		{3462DC2B-09D9-471A-8B15-A3FC92F6F3F7}.Debug|x86.ActiveCfg = Debug|x86
		{3462DC2B-09D9-471A-8B15-A3FC92F6F3F7}.Debug|x86.Build.0 = Debug|x86
		{3462DC2B-09D9-471A-8B15-A3FC92F6F3F7}.Release|Any CPU.ActiveCfg = Release|Any CPU
		{3462DC2B-09D9-471A-8B15-A3FC92F6F3F7}.Release|Any CPU.Build.0 = Release|Any CPU
		{3462DC2B-09D9-471A-8B15-A3FC92F6F3F7}.Release|x64.ActiveCfg = Release|Any CPU
		{3462DC2B-09D9-471A-8B15-A3FC92F6F3F7}.Release|x64.Build.0 = Release|Any CPU
		{3462DC2B-09D9-471A-8B15-A3FC92F6F3F7}.Release|x86.ActiveCfg = Release|x86
		{3462DC2B-09D9-471A-8B15-A3FC92F6F3F7}.Release|x86.Build.0 = Release|x86
		{1A56146B-6644-4ED0-B951-D76604A8732A}.Debug|Any CPU.ActiveCfg = Debug|Any CPU
		{1A56146B-6644-4ED0-B951-D76604A8732A}.Debug|Any CPU.Build.0 = Debug|Any CPU
		{1A56146B-6644-4ED0-B951-D76604A8732A}.Debug|x64.ActiveCfg = Debug|Any CPU
		{1A56146B-6644-4ED0-B951-D76604A8732A}.Debug|x64.Build.0 = Debug|Any CPU
		{1A56146B-6644-4ED0-B951-D76604A8732A}.Debug|x86.ActiveCfg = Debug|x86
		{1A56146B-6644-4ED0-B951-D76604A8732A}.Debug|x86.Build.0 = Debug|x86
		{1A56146B-6644-4ED0-B951-D76604A8732A}.Release|Any CPU.ActiveCfg = Release|Any CPU
		{1A56146B-6644-4ED0-B951-D76604A8732A}.Release|Any CPU.Build.0 = Release|Any CPU
		{1A56146B-6644-4ED0-B951-D76604A8732A}.Release|x64.ActiveCfg = Release|Any CPU
		{1A56146B-6644-4ED0-B951-D76604A8732A}.Release|x64.Build.0 = Release|Any CPU
		{1A56146B-6644-4ED0-B951-D76604A8732A}.Release|x86.ActiveCfg = Release|x86
		{1A56146B-6644-4ED0-B951-D76604A8732A}.Release|x86.Build.0 = Release|x86
		{0CC2FAA8-73F4-4275-825D-2955965D37B2}.Debug|Any CPU.ActiveCfg = Debug|Any CPU
		{0CC2FAA8-73F4-4275-825D-2955965D37B2}.Debug|Any CPU.Build.0 = Debug|Any CPU
		{0CC2FAA8-73F4-4275-825D-2955965D37B2}.Debug|x64.ActiveCfg = Debug|x64
		{0CC2FAA8-73F4-4275-825D-2955965D37B2}.Debug|x64.Build.0 = Debug|x64
		{0CC2FAA8-73F4-4275-825D-2955965D37B2}.Debug|x86.ActiveCfg = Debug|Any CPU
		{0CC2FAA8-73F4-4275-825D-2955965D37B2}.Debug|x86.Build.0 = Debug|Any CPU
		{0CC2FAA8-73F4-4275-825D-2955965D37B2}.Release|Any CPU.ActiveCfg = Release|Any CPU
		{0CC2FAA8-73F4-4275-825D-2955965D37B2}.Release|Any CPU.Build.0 = Release|Any CPU
		{0CC2FAA8-73F4-4275-825D-2955965D37B2}.Release|x64.ActiveCfg = Release|x64
		{0CC2FAA8-73F4-4275-825D-2955965D37B2}.Release|x64.Build.0 = Release|x64
		{0CC2FAA8-73F4-4275-825D-2955965D37B2}.Release|x86.ActiveCfg = Release|Any CPU
		{0CC2FAA8-73F4-4275-825D-2955965D37B2}.Release|x86.Build.0 = Release|Any CPU
		{EE2FC8AB-3639-4181-A164-0352D30EE9DB}.Debug|Any CPU.ActiveCfg = Debug|Any CPU
		{EE2FC8AB-3639-4181-A164-0352D30EE9DB}.Debug|Any CPU.Build.0 = Debug|Any CPU
		{EE2FC8AB-3639-4181-A164-0352D30EE9DB}.Debug|x64.ActiveCfg = Debug|Any CPU
		{EE2FC8AB-3639-4181-A164-0352D30EE9DB}.Debug|x64.Build.0 = Debug|Any CPU
		{EE2FC8AB-3639-4181-A164-0352D30EE9DB}.Debug|x86.ActiveCfg = Debug|Any CPU
		{EE2FC8AB-3639-4181-A164-0352D30EE9DB}.Debug|x86.Build.0 = Debug|Any CPU
		{EE2FC8AB-3639-4181-A164-0352D30EE9DB}.Release|Any CPU.ActiveCfg = Release|Any CPU
		{EE2FC8AB-3639-4181-A164-0352D30EE9DB}.Release|Any CPU.Build.0 = Release|Any CPU
		{EE2FC8AB-3639-4181-A164-0352D30EE9DB}.Release|x64.ActiveCfg = Release|Any CPU
		{EE2FC8AB-3639-4181-A164-0352D30EE9DB}.Release|x64.Build.0 = Release|Any CPU
		{EE2FC8AB-3639-4181-A164-0352D30EE9DB}.Release|x86.ActiveCfg = Release|Any CPU
		{EE2FC8AB-3639-4181-A164-0352D30EE9DB}.Release|x86.Build.0 = Release|Any CPU
	EndGlobalSection
	GlobalSection(SolutionProperties) = preSolution
		HideSolutionNode = FALSE
	EndGlobalSection
	GlobalSection(ExtensibilityGlobals) = postSolution
		SolutionGuid = {999B7AD8-0A33-4D33-A691-5D76A91E7590}
	EndGlobalSection
EndGlobal
